
Microsoft Visual Studio Solution File, Format Version 12.00
# Visual Studio Version 16
VisualStudioVersion = 16.0.29509.3
MinimumVisualStudioVersion = 10.0.40219.1
Project("{FAE04EC0-301F-11D3-BF4B-00C04F79EFBC}") = "QueuingSystem", "QueuingSystem\QueuingSystem.csproj", "{AF59788C-7252-4F37-8DAE-A9480C2392D3}"
EndProject
Project("{FAE04EC0-301F-11D3-BF4B-00C04F79EFBC}") = "LED_Util", "LED_Util\LED_Util.csproj", "{2B3CBF98-4386-453E-9901-1D6EAB55ED8D}"
EndProject
Project("{FAE04EC0-301F-11D3-BF4B-00C04F79EFBC}") = "Common.Util", "Common.Util\Common.Util.csproj", "{CCA55DBB-AC3C-4F7E-A4CB-F4EB2FBCE844}"
EndProject
Project("{FAE04EC0-301F-11D3-BF4B-00C04F79EFBC}") = "QueuingWeb", "QueuingWeb\QueuingWeb.csproj", "{CB1202DE-87A4-4716-B5BD-0F617B8DA5D1}"
EndProject
Project("{FAE04EC0-301F-11D3-BF4B-00C04F79EFBC}") = "QueuingSystem_DCS", "QueuingSystem_DCS\QueuingSystem_DCS.csproj", "{3467C946-7EB3-4638-AFD7-5B8F3C8D7C3C}"
EndProject
Project("{FAE04EC0-301F-11D3-BF4B-00C04F79EFBC}") = "Common.Redis", "Common.Redis\Common.Redis.csproj", "{F0A32281-A83E-4E6D-8128-17983FDF3C67}"
EndProject
Project("{9A19103F-16F7-4668-BE54-9A1E7A4F7556}") = "AndroidPublish", "AndroidPublish\AndroidPublish.csproj", "{F13A2352-DF97-4B41-B611-CAFFAAC60C48}"
EndProject
Project("{FAE04EC0-301F-11D3-BF4B-00C04F79EFBC}") = "WinControlServer", "WinControlServer\WinControlServer.csproj", "{01D35E86-4127-4339-A778-5173B2145CE9}"
EndProject
Project("{FAE04EC0-301F-11D3-BF4B-00C04F79EFBC}") = "SoundPlayer", "SoundPlayer\SoundPlayer.csproj", "{80C6B025-92C3-42C1-A46E-CADA13AB3F67}"
EndProject
Project("{FAE04EC0-301F-11D3-BF4B-00C04F79EFBC}") = "Queue_Show_TV", "Queue_Show_TV\Queue_Show_TV.csproj", "{6DC00C62-110B-46CF-B818-246B7B19C861}"
EndProject
Global
	GlobalSection(SolutionConfigurationPlatforms) = preSolution
		Debug|Any CPU = Debug|Any CPU
		Debug|x64 = Debug|x64
		Debug|x86 = Debug|x86
		Release|Any CPU = Release|Any CPU
		Release|x64 = Release|x64
		Release|x86 = Release|x86
	EndGlobalSection
	GlobalSection(ProjectConfigurationPlatforms) = postSolution
		{AF59788C-7252-4F37-8DAE-A9480C2392D3}.Debug|Any CPU.ActiveCfg = Debug|Any CPU
		{AF59788C-7252-4F37-8DAE-A9480C2392D3}.Debug|Any CPU.Build.0 = Debug|Any CPU
		{AF59788C-7252-4F37-8DAE-A9480C2392D3}.Debug|x64.ActiveCfg = Debug|Any CPU
		{AF59788C-7252-4F37-8DAE-A9480C2392D3}.Debug|x64.Build.0 = Debug|Any CPU
		{AF59788C-7252-4F37-8DAE-A9480C2392D3}.Debug|x86.ActiveCfg = Debug|x86
		{AF59788C-7252-4F37-8DAE-A9480C2392D3}.Debug|x86.Build.0 = Debug|x86
		{AF59788C-7252-4F37-8DAE-A9480C2392D3}.Release|Any CPU.ActiveCfg = Release|x86
		{AF59788C-7252-4F37-8DAE-A9480C2392D3}.Release|Any CPU.Build.0 = Release|x86
		{AF59788C-7252-4F37-8DAE-A9480C2392D3}.Release|x64.ActiveCfg = Release|Any CPU
		{AF59788C-7252-4F37-8DAE-A9480C2392D3}.Release|x64.Build.0 = Release|Any CPU
		{AF59788C-7252-4F37-8DAE-A9480C2392D3}.Release|x86.ActiveCfg = Release|Any CPU
		{AF59788C-7252-4F37-8DAE-A9480C2392D3}.Release|x86.Build.0 = Release|Any CPU
		{2B3CBF98-4386-453E-9901-1D6EAB55ED8D}.Debug|Any CPU.ActiveCfg = Debug|Any CPU
		{2B3CBF98-4386-453E-9901-1D6EAB55ED8D}.Debug|Any CPU.Build.0 = Debug|Any CPU
		{2B3CBF98-4386-453E-9901-1D6EAB55ED8D}.Debug|x64.ActiveCfg = Debug|x64
		{2B3CBF98-4386-453E-9901-1D6EAB55ED8D}.Debug|x64.Build.0 = Debug|x64
		{2B3CBF98-4386-453E-9901-1D6EAB55ED8D}.Debug|x86.ActiveCfg = Debug|x86
		{2B3CBF98-4386-453E-9901-1D6EAB55ED8D}.Debug|x86.Build.0 = Debug|x86
		{2B3CBF98-4386-453E-9901-1D6EAB55ED8D}.Release|Any CPU.ActiveCfg = Release|x86
		{2B3CBF98-4386-453E-9901-1D6EAB55ED8D}.Release|Any CPU.Build.0 = Release|x86
		{2B3CBF98-4386-453E-9901-1D6EAB55ED8D}.Release|x64.ActiveCfg = Release|x64
		{2B3CBF98-4386-453E-9901-1D6EAB55ED8D}.Release|x64.Build.0 = Release|x64
		{2B3CBF98-4386-453E-9901-1D6EAB55ED8D}.Release|x86.ActiveCfg = Release|Any CPU
		{2B3CBF98-4386-453E-9901-1D6EAB55ED8D}.Release|x86.Build.0 = Release|Any CPU
		{CCA55DBB-AC3C-4F7E-A4CB-F4EB2FBCE844}.Debug|Any CPU.ActiveCfg = Debug|Any CPU
		{CCA55DBB-AC3C-4F7E-A4CB-F4EB2FBCE844}.Debug|Any CPU.Build.0 = Debug|Any CPU
		{CCA55DBB-AC3C-4F7E-A4CB-F4EB2FBCE844}.Debug|x64.ActiveCfg = Debug|Any CPU
		{CCA55DBB-AC3C-4F7E-A4CB-F4EB2FBCE844}.Debug|x64.Build.0 = Debug|Any CPU
		{CCA55DBB-AC3C-4F7E-A4CB-F4EB2FBCE844}.Debug|x86.ActiveCfg = Debug|x86
		{CCA55DBB-AC3C-4F7E-A4CB-F4EB2FBCE844}.Debug|x86.Build.0 = Debug|x86
		{CCA55DBB-AC3C-4F7E-A4CB-F4EB2FBCE844}.Release|Any CPU.ActiveCfg = Release|x86
		{CCA55DBB-AC3C-4F7E-A4CB-F4EB2FBCE844}.Release|Any CPU.Build.0 = Release|x86
		{CCA55DBB-AC3C-4F7E-A4CB-F4EB2FBCE844}.Release|x64.ActiveCfg = Release|Any CPU
		{CCA55DBB-AC3C-4F7E-A4CB-F4EB2FBCE844}.Release|x64.Build.0 = Release|Any CPU
		{CCA55DBB-AC3C-4F7E-A4CB-F4EB2FBCE844}.Release|x86.ActiveCfg = Release|Any CPU
		{CCA55DBB-AC3C-4F7E-A4CB-F4EB2FBCE844}.Release|x86.Build.0 = Release|Any CPU
		{CB1202DE-87A4-4716-B5BD-0F617B8DA5D1}.Debug|Any CPU.ActiveCfg = Debug|Any CPU
		{CB1202DE-87A4-4716-B5BD-0F617B8DA5D1}.Debug|Any CPU.Build.0 = Debug|Any CPU
		{CB1202DE-87A4-4716-B5BD-0F617B8DA5D1}.Debug|x64.ActiveCfg = Debug|Any CPU
		{CB1202DE-87A4-4716-B5BD-0F617B8DA5D1}.Debug|x64.Build.0 = Debug|Any CPU
		{CB1202DE-87A4-4716-B5BD-0F617B8DA5D1}.Debug|x86.ActiveCfg = Debug|Any CPU
		{CB1202DE-87A4-4716-B5BD-0F617B8DA5D1}.Debug|x86.Build.0 = Debug|Any CPU
		{CB1202DE-87A4-4716-B5BD-0F617B8DA5D1}.Release|Any CPU.ActiveCfg = Release|Any CPU
		{CB1202DE-87A4-4716-B5BD-0F617B8DA5D1}.Release|Any CPU.Build.0 = Release|Any CPU
		{CB1202DE-87A4-4716-B5BD-0F617B8DA5D1}.Release|x64.ActiveCfg = Release|Any CPU
		{CB1202DE-87A4-4716-B5BD-0F617B8DA5D1}.Release|x64.Build.0 = Release|Any CPU
		{CB1202DE-87A4-4716-B5BD-0F617B8DA5D1}.Release|x86.ActiveCfg = Release|Any CPU
		{CB1202DE-87A4-4716-B5BD-0F617B8DA5D1}.Release|x86.Build.0 = Release|Any CPU
		{3467C946-7EB3-4638-AFD7-5B8F3C8D7C3C}.Debug|Any CPU.ActiveCfg = Debug|Any CPU
		{3467C946-7EB3-4638-AFD7-5B8F3C8D7C3C}.Debug|Any CPU.Build.0 = Debug|Any CPU
		{3467C946-7EB3-4638-AFD7-5B8F3C8D7C3C}.Debug|x64.ActiveCfg = Debug|Any CPU
		{3467C946-7EB3-4638-AFD7-5B8F3C8D7C3C}.Debug|x64.Build.0 = Debug|Any CPU
		{3467C946-7EB3-4638-AFD7-5B8F3C8D7C3C}.Debug|x86.ActiveCfg = Debug|Any CPU
		{3467C946-7EB3-4638-AFD7-5B8F3C8D7C3C}.Debug|x86.Build.0 = Debug|Any CPU
		{3467C946-7EB3-4638-AFD7-5B8F3C8D7C3C}.Release|Any CPU.ActiveCfg = Release|x86
		{3467C946-7EB3-4638-AFD7-5B8F3C8D7C3C}.Release|Any CPU.Build.0 = Release|x86
		{3467C946-7EB3-4638-AFD7-5B8F3C8D7C3C}.Release|x64.ActiveCfg = Release|Any CPU
		{3467C946-7EB3-4638-AFD7-5B8F3C8D7C3C}.Release|x64.Build.0 = Release|Any CPU
		{3467C946-7EB3-4638-AFD7-5B8F3C8D7C3C}.Release|x86.ActiveCfg = Release|Any CPU
		{3467C946-7EB3-4638-AFD7-5B8F3C8D7C3C}.Release|x86.Build.0 = Release|Any CPU
		{F0A32281-A83E-4E6D-8128-17983FDF3C67}.Debug|Any CPU.ActiveCfg = Debug|Any CPU
		{F0A32281-A83E-4E6D-8128-17983FDF3C67}.Debug|Any CPU.Build.0 = Debug|Any CPU
		{F0A32281-A83E-4E6D-8128-17983FDF3C67}.Debug|x64.ActiveCfg = Debug|Any CPU
		{F0A32281-A83E-4E6D-8128-17983FDF3C67}.Debug|x64.Build.0 = Debug|Any CPU
		{F0A32281-A83E-4E6D-8128-17983FDF3C67}.Debug|x86.ActiveCfg = Debug|Any CPU
		{F0A32281-A83E-4E6D-8128-17983FDF3C67}.Debug|x86.Build.0 = Debug|Any CPU
		{F0A32281-A83E-4E6D-8128-17983FDF3C67}.Release|Any CPU.ActiveCfg = Release|Any CPU
		{F0A32281-A83E-4E6D-8128-17983FDF3C67}.Release|Any CPU.Build.0 = Release|Any CPU
		{F0A32281-A83E-4E6D-8128-17983FDF3C67}.Release|x64.ActiveCfg = Release|Any CPU
		{F0A32281-A83E-4E6D-8128-17983FDF3C67}.Release|x64.Build.0 = Release|Any CPU
		{F0A32281-A83E-4E6D-8128-17983FDF3C67}.Release|x86.ActiveCfg = Release|Any CPU
		{F0A32281-A83E-4E6D-8128-17983FDF3C67}.Release|x86.Build.0 = Release|Any CPU
		{F13A2352-DF97-4B41-B611-CAFFAAC60C48}.Debug|Any CPU.ActiveCfg = Debug|Any CPU
		{F13A2352-DF97-4B41-B611-CAFFAAC60C48}.Debug|Any CPU.Build.0 = Debug|Any CPU
		{F13A2352-DF97-4B41-B611-CAFFAAC60C48}.Debug|x64.ActiveCfg = Debug|Any CPU
		{F13A2352-DF97-4B41-B611-CAFFAAC60C48}.Debug|x64.Build.0 = Debug|Any CPU
		{F13A2352-DF97-4B41-B611-CAFFAAC60C48}.Debug|x86.ActiveCfg = Debug|Any CPU
		{F13A2352-DF97-4B41-B611-CAFFAAC60C48}.Debug|x86.Build.0 = Debug|Any CPU
		{F13A2352-DF97-4B41-B611-CAFFAAC60C48}.Release|Any CPU.ActiveCfg = Release|Any CPU
		{F13A2352-DF97-4B41-B611-CAFFAAC60C48}.Release|Any CPU.Build.0 = Release|Any CPU
		{F13A2352-DF97-4B41-B611-CAFFAAC60C48}.Release|x64.ActiveCfg = Release|Any CPU
		{F13A2352-DF97-4B41-B611-CAFFAAC60C48}.Release|x64.Build.0 = Release|Any CPU
		{F13A2352-DF97-4B41-B611-CAFFAAC60C48}.Release|x86.ActiveCfg = Release|Any CPU
		{F13A2352-DF97-4B41-B611-CAFFAAC60C48}.Release|x86.Build.0 = Release|Any CPU
		{01D35E86-4127-4339-A778-5173B2145CE9}.Debug|Any CPU.ActiveCfg = Debug|Any CPU
		{01D35E86-4127-4339-A778-5173B2145CE9}.Debug|Any CPU.Build.0 = Debug|Any CPU
		{01D35E86-4127-4339-A778-5173B2145CE9}.Debug|x64.ActiveCfg = Debug|Any CPU
		{01D35E86-4127-4339-A778-5173B2145CE9}.Debug|x64.Build.0 = Debug|Any CPU
		{01D35E86-4127-4339-A778-5173B2145CE9}.Debug|x86.ActiveCfg = Debug|x86
		{01D35E86-4127-4339-A778-5173B2145CE9}.Debug|x86.Build.0 = Debug|x86
		{01D35E86-4127-4339-A778-5173B2145CE9}.Release|Any CPU.ActiveCfg = Release|Any CPU
		{01D35E86-4127-4339-A778-5173B2145CE9}.Release|Any CPU.Build.0 = Release|Any CPU
		{01D35E86-4127-4339-A778-5173B2145CE9}.Release|x64.ActiveCfg = Release|Any CPU
		{01D35E86-4127-4339-A778-5173B2145CE9}.Release|x64.Build.0 = Release|Any CPU
		{01D35E86-4127-4339-A778-5173B2145CE9}.Release|x86.ActiveCfg = Release|Any CPU
		{01D35E86-4127-4339-A778-5173B2145CE9}.Release|x86.Build.0 = Release|Any CPU
		{80C6B025-92C3-42C1-A46E-CADA13AB3F67}.Debug|Any CPU.ActiveCfg = Debug|Any CPU
		{80C6B025-92C3-42C1-A46E-CADA13AB3F67}.Debug|Any CPU.Build.0 = Debug|Any CPU
		{80C6B025-92C3-42C1-A46E-CADA13AB3F67}.Debug|x64.ActiveCfg = Debug|Any CPU
		{80C6B025-92C3-42C1-A46E-CADA13AB3F67}.Debug|x64.Build.0 = Debug|Any CPU
		{80C6B025-92C3-42C1-A46E-CADA13AB3F67}.Debug|x86.ActiveCfg = Debug|Any CPU
		{80C6B025-92C3-42C1-A46E-CADA13AB3F67}.Debug|x86.Build.0 = Debug|Any CPU
		{80C6B025-92C3-42C1-A46E-CADA13AB3F67}.Release|Any CPU.ActiveCfg = Release|Any CPU
		{80C6B025-92C3-42C1-A46E-CADA13AB3F67}.Release|Any CPU.Build.0 = Release|Any CPU
		{80C6B025-92C3-42C1-A46E-CADA13AB3F67}.Release|x64.ActiveCfg = Release|Any CPU
		{80C6B025-92C3-42C1-A46E-CADA13AB3F67}.Release|x64.Build.0 = Release|Any CPU
		{80C6B025-92C3-42C1-A46E-CADA13AB3F67}.Release|x86.ActiveCfg = Release|Any CPU
		{80C6B025-92C3-42C1-A46E-CADA13AB3F67}.Release|x86.Build.0 = Release|Any CPU
		{6DC00C62-110B-46CF-B818-246B7B19C861}.Debug|Any CPU.ActiveCfg = Debug|Any CPU
		{6DC00C62-110B-46CF-B818-246B7B19C861}.Debug|Any CPU.Build.0 = Debug|Any CPU
		{6DC00C62-110B-46CF-B818-246B7B19C861}.Debug|x64.ActiveCfg = Debug|Any CPU
		{6DC00C62-110B-46CF-B818-246B7B19C861}.Debug|x64.Build.0 = Debug|Any CPU
		{6DC00C62-110B-46CF-B818-246B7B19C861}.Debug|x86.ActiveCfg = Debug|Any CPU
		{6DC00C62-110B-46CF-B818-246B7B19C861}.Debug|x86.Build.0 = Debug|Any CPU
		{6DC00C62-110B-46CF-B818-246B7B19C861}.Release|Any CPU.ActiveCfg = Release|Any CPU
		{6DC00C62-110B-46CF-B818-246B7B19C861}.Release|Any CPU.Build.0 = Release|Any CPU
		{6DC00C62-110B-46CF-B818-246B7B19C861}.Release|x64.ActiveCfg = Release|Any CPU
		{6DC00C62-110B-46CF-B818-246B7B19C861}.Release|x64.Build.0 = Release|Any CPU
		{6DC00C62-110B-46CF-B818-246B7B19C861}.Release|x86.ActiveCfg = Release|Any CPU
		{6DC00C62-110B-46CF-B818-246B7B19C861}.Release|x86.Build.0 = Release|Any CPU
	EndGlobalSection
	GlobalSection(SolutionProperties) = preSolution
		HideSolutionNode = FALSE
	EndGlobalSection
	GlobalSection(ExtensibilityGlobals) = postSolution
		SolutionGuid = {1373B41B-1271-42B6-9C66-4937F4D1CC11}
	EndGlobalSection
EndGlobal
